
Microsoft Visual Studio Solution File, Format Version 12.00
# Visual Studio 15
VisualStudioVersion = 15.0.27130.2027
MinimumVisualStudioVersion = 10.0.40219.1
Project("{FAE04EC0-301F-11D3-BF4B-00C04F79EFBC}") = "testingtesting", "testingtesting\testingtesting.csproj", "{4A17D999-9AA6-4DD8-8B01-0F016F3468C7}"
EndProject
Project("{FAE04EC0-301F-11D3-BF4B-00C04F79EFBC}") = "testingtesting.Tests", "testingtesting.Tests\testingtesting.Tests.csproj", "{8A821E67-C7F8-4EB9-962B-8F2A3A977917}"
EndProject
Global
	GlobalSection(SolutionConfigurationPlatforms) = preSolution
		Debug|Any CPU = Debug|Any CPU
		Release|Any CPU = Release|Any CPU
	EndGlobalSection
	GlobalSection(ProjectConfigurationPlatforms) = postSolution
		{4A17D999-9AA6-4DD8-8B01-0F016F3468C7}.Debug|Any CPU.ActiveCfg = Debug|Any CPU
		{4A17D999-9AA6-4DD8-8B01-0F016F3468C7}.Debug|Any CPU.Build.0 = Debug|Any CPU
		{4A17D999-9AA6-4DD8-8B01-0F016F3468C7}.Release|Any CPU.ActiveCfg = Release|Any CPU
		{4A17D999-9AA6-4DD8-8B01-0F016F3468C7}.Release|Any CPU.Build.0 = Release|Any CPU
		{8A821E67-C7F8-4EB9-962B-8F2A3A977917}.Debug|Any CPU.ActiveCfg = Debug|Any CPU
		{8A821E67-C7F8-4EB9-962B-8F2A3A977917}.Debug|Any CPU.Build.0 = Debug|Any CPU
		{8A821E67-C7F8-4EB9-962B-8F2A3A977917}.Release|Any CPU.ActiveCfg = Release|Any CPU
		{8A821E67-C7F8-4EB9-962B-8F2A3A977917}.Release|Any CPU.Build.0 = Release|Any CPU
	EndGlobalSection
	GlobalSection(SolutionProperties) = preSolution
		HideSolutionNode = FALSE
	EndGlobalSection
	GlobalSection(ExtensibilityGlobals) = postSolution
		SolutionGuid = {E45D271F-0EDC-4432-957B-8FC52DCC10D4}
	EndGlobalSection
EndGlobal
